
Microsoft Visual Studio Solution File, Format Version 12.00
# Visual Studio Version 17
VisualStudioVersion = 17.7.34031.279
MinimumVisualStudioVersion = 10.0.40219.1
Project("{8BC9CEB8-8B4A-11D0-8D11-00A0C91BC942}") = "spam", "spam\spam.vcxproj", "{BCDE1403-8984-4196-A116-110C75C81485}"
EndProject
Global
	GlobalSection(SolutionConfigurationPlatforms) = preSolution
		Debug|x64 = Debug|x64
		Debug|x86 = Debug|x86
		Release|x64 = Release|x64
		Release|x86 = Release|x86
	EndGlobalSection
	GlobalSection(ProjectConfigurationPlatforms) = postSolution
		{BCDE1403-8984-4196-A116-110C75C81485}.Debug|x64.ActiveCfg = Debug|x64
		{BCDE1403-8984-4196-A116-110C75C81485}.Debug|x64.Build.0 = Debug|x64
		{BCDE1403-8984-4196-A116-110C75C81485}.Debug|x86.ActiveCfg = Debug|Win32
		{BCDE1403-8984-4196-A116-110C75C81485}.Debug|x86.Build.0 = Debug|Win32
		{BCDE1403-8984-4196-A116-110C75C81485}.Release|x64.ActiveCfg = Release|x64
		{BCDE1403-8984-4196-A116-110C75C81485}.Release|x64.Build.0 = Release|x64
		{BCDE1403-8984-4196-A116-110C75C81485}.Release|x86.ActiveCfg = Release|Win32
		{BCDE1403-8984-4196-A116-110C75C81485}.Release|x86.Build.0 = Release|Win32
	EndGlobalSection
	GlobalSection(SolutionProperties) = preSolution
		HideSolutionNode = FALSE
	EndGlobalSection
	GlobalSection(ExtensibilityGlobals) = postSolution
		SolutionGuid = {66303E2F-F47E-45D8-A0D0-EBD01792C295}
	EndGlobalSection
EndGlobal
